{
  "name": "QRCode",
  "lockfileVersion": 3,
  "requires": true,
  "packages": {
    "": {
      "dependencies": {
        "file-saver": "^2.0.5",
        "FileSaver": "^0.10.0"
      }
    },
    "node_modules/file-saver": {
      "version": "2.0.5",
      "resolved": "https://registry.npmjs.org/file-saver/-/file-saver-2.0.5.tgz",
      "integrity": "sha512-P9bmyZ3h/PRG+Nzga+rbdI4OEpNDzAVyy74uVO9ATgzLK6VtAsYybF/+TOCvrc0MO793d6+42lLyZTw7/ArVzA=="
    },
    "node_modules/FileSaver": {
      "version": "0.10.0",
      "resolved": "https://registry.npmjs.org/FileSaver/-/FileSaver-0.10.0.tgz",
      "integrity": "sha512-W+syaSPuxeh8yRPinETA4RlBO0ZuyM8IQIln8Y/pYZ136+pxqr64/JRx8rDm3uVqvgQ4xIHgAmZoepujBT1mvg==",
      "engines": {
        "node": "*"
      }
    }
  }
}
